
Microsoft Visual Studio Solution File, Format Version 12.00
# Visual Studio Version 16
VisualStudioVersion = 16.0.32602.291
MinimumVisualStudioVersion = 10.0.40219.1
Project("{8BC9CEB8-8B4A-11D0-8D11-00A0C91BC942}") = "DirectXGameEngine", "DirectXGameEngine\DirectXGameEngine.vcxproj", "{4B5761A1-E579-4D9C-9C57-28EE9A694110}"
EndProject
Global
	GlobalSection(SolutionConfigurationPlatforms) = preSolution
		Debug|x64 = Debug|x64
		Debug|x86 = Debug|x86
		Release|x64 = Release|x64
		Release|x86 = Release|x86
	EndGlobalSection
	GlobalSection(ProjectConfigurationPlatforms) = postSolution
		{4B5761A1-E579-4D9C-9C57-28EE9A694110}.Debug|x64.ActiveCfg = Debug|x64
		{4B5761A1-E579-4D9C-9C57-28EE9A694110}.Debug|x64.Build.0 = Debug|x64
		{4B5761A1-E579-4D9C-9C57-28EE9A694110}.Debug|x86.ActiveCfg = Debug|Win32
		{4B5761A1-E579-4D9C-9C57-28EE9A694110}.Debug|x86.Build.0 = Debug|Win32
		{4B5761A1-E579-4D9C-9C57-28EE9A694110}.Release|x64.ActiveCfg = Release|x64
		{4B5761A1-E579-4D9C-9C57-28EE9A694110}.Release|x64.Build.0 = Release|x64
		{4B5761A1-E579-4D9C-9C57-28EE9A694110}.Release|x86.ActiveCfg = Release|Win32
		{4B5761A1-E579-4D9C-9C57-28EE9A694110}.Release|x86.Build.0 = Release|Win32
	EndGlobalSection
	GlobalSection(SolutionProperties) = preSolution
		HideSolutionNode = FALSE
	EndGlobalSection
	GlobalSection(ExtensibilityGlobals) = postSolution
		SolutionGuid = {364E9648-5767-444D-BA62-431D7CBDC5E9}
	EndGlobalSection
EndGlobal
