
Microsoft Visual Studio Solution File, Format Version 12.00
# Visual Studio Version 17
VisualStudioVersion = 17.0.32014.148
MinimumVisualStudioVersion = 10.0.40219.1
Project("{2150E333-8FDC-42A3-9474-1A3956D46DE8}") = "Creational Patterns", "Creational Patterns", "{043D6ED0-B9AE-4817-93CE-276A86DC7005}"
EndProject
Project("{2150E333-8FDC-42A3-9474-1A3956D46DE8}") = "Singleton Pattern", "Singleton Pattern", "{3DFD7C1B-3328-49FC-81D2-2BCAC6FCD669}"
EndProject
Project("{8BC9CEB8-8B4A-11D0-8D11-00A0C91BC942}") = "Thread-unsafe singleton", "Creational Patterns\Singleton Pattern\Thread-unsafe singleton\Thread-unsafe singleton.vcxproj", "{14DF9F56-CC38-43B2-A20C-4C1BB1AF9B09}"
EndProject
Project("{8BC9CEB8-8B4A-11D0-8D11-00A0C91BC942}") = "Thread-safe singleton", "Creational Patterns\Singleton Pattern\Thread-safe singleton\Thread-safe singleton.vcxproj", "{74EBE98A-F464-4612-AC3B-C8DACBB98938}"
EndProject
Project("{2150E333-8FDC-42A3-9474-1A3956D46DE8}") = "Factory Method Pattern", "Factory Method Pattern", "{F909DF56-750A-4E64-9D84-160E012BEEF3}"
EndProject
Project("{8BC9CEB8-8B4A-11D0-8D11-00A0C91BC942}") = "Factory Method Pattern", "Creational Patterns\Factory Method Pattern\Factory Method Pattern.vcxproj", "{6F744AF9-E58A-4491-9929-4ECE5C7F81DE}"
EndProject
Global
	GlobalSection(SolutionConfigurationPlatforms) = preSolution
		Debug|x64 = Debug|x64
		Debug|x86 = Debug|x86
		Release|x64 = Release|x64
		Release|x86 = Release|x86
	EndGlobalSection
	GlobalSection(ProjectConfigurationPlatforms) = postSolution
		{14DF9F56-CC38-43B2-A20C-4C1BB1AF9B09}.Debug|x64.ActiveCfg = Debug|x64
		{14DF9F56-CC38-43B2-A20C-4C1BB1AF9B09}.Debug|x64.Build.0 = Debug|x64
		{14DF9F56-CC38-43B2-A20C-4C1BB1AF9B09}.Debug|x86.ActiveCfg = Debug|Win32
		{14DF9F56-CC38-43B2-A20C-4C1BB1AF9B09}.Debug|x86.Build.0 = Debug|Win32
		{14DF9F56-CC38-43B2-A20C-4C1BB1AF9B09}.Release|x64.ActiveCfg = Release|x64
		{14DF9F56-CC38-43B2-A20C-4C1BB1AF9B09}.Release|x64.Build.0 = Release|x64
		{14DF9F56-CC38-43B2-A20C-4C1BB1AF9B09}.Release|x86.ActiveCfg = Release|Win32
		{14DF9F56-CC38-43B2-A20C-4C1BB1AF9B09}.Release|x86.Build.0 = Release|Win32
		{74EBE98A-F464-4612-AC3B-C8DACBB98938}.Debug|x64.ActiveCfg = Debug|x64
		{74EBE98A-F464-4612-AC3B-C8DACBB98938}.Debug|x64.Build.0 = Debug|x64
		{74EBE98A-F464-4612-AC3B-C8DACBB98938}.Debug|x86.ActiveCfg = Debug|Win32
		{74EBE98A-F464-4612-AC3B-C8DACBB98938}.Debug|x86.Build.0 = Debug|Win32
		{74EBE98A-F464-4612-AC3B-C8DACBB98938}.Release|x64.ActiveCfg = Release|x64
		{74EBE98A-F464-4612-AC3B-C8DACBB98938}.Release|x64.Build.0 = Release|x64
		{74EBE98A-F464-4612-AC3B-C8DACBB98938}.Release|x86.ActiveCfg = Release|Win32
		{74EBE98A-F464-4612-AC3B-C8DACBB98938}.Release|x86.Build.0 = Release|Win32
		{6F744AF9-E58A-4491-9929-4ECE5C7F81DE}.Debug|x64.ActiveCfg = Debug|x64
		{6F744AF9-E58A-4491-9929-4ECE5C7F81DE}.Debug|x64.Build.0 = Debug|x64
		{6F744AF9-E58A-4491-9929-4ECE5C7F81DE}.Debug|x86.ActiveCfg = Debug|Win32
		{6F744AF9-E58A-4491-9929-4ECE5C7F81DE}.Debug|x86.Build.0 = Debug|Win32
		{6F744AF9-E58A-4491-9929-4ECE5C7F81DE}.Release|x64.ActiveCfg = Release|x64
		{6F744AF9-E58A-4491-9929-4ECE5C7F81DE}.Release|x64.Build.0 = Release|x64
		{6F744AF9-E58A-4491-9929-4ECE5C7F81DE}.Release|x86.ActiveCfg = Release|Win32
		{6F744AF9-E58A-4491-9929-4ECE5C7F81DE}.Release|x86.Build.0 = Release|Win32
	EndGlobalSection
	GlobalSection(SolutionProperties) = preSolution
		HideSolutionNode = FALSE
	EndGlobalSection
	GlobalSection(NestedProjects) = preSolution
		{3DFD7C1B-3328-49FC-81D2-2BCAC6FCD669} = {043D6ED0-B9AE-4817-93CE-276A86DC7005}
		{14DF9F56-CC38-43B2-A20C-4C1BB1AF9B09} = {3DFD7C1B-3328-49FC-81D2-2BCAC6FCD669}
		{74EBE98A-F464-4612-AC3B-C8DACBB98938} = {3DFD7C1B-3328-49FC-81D2-2BCAC6FCD669}
		{F909DF56-750A-4E64-9D84-160E012BEEF3} = {043D6ED0-B9AE-4817-93CE-276A86DC7005}
		{6F744AF9-E58A-4491-9929-4ECE5C7F81DE} = {F909DF56-750A-4E64-9D84-160E012BEEF3}
	EndGlobalSection
	GlobalSection(ExtensibilityGlobals) = postSolution
		SolutionGuid = {6F1E1EFA-6510-4AAD-A64B-A230766D54B3}
	EndGlobalSection
EndGlobal
